dependencies:
- name: vs
  repository: https://charts-public.hub.eox.at/
  version: 2.1.4
- name: rm-resource-catalogue
  repository: https://eoepca.github.io/helm-charts/
  version: 1.1.0
- name: resource-guard
  repository: https://eoepca.github.io/helm-charts/
  version: 1.0.5
digest: sha256:1cf22ac3a9249797807c4001e4f512073167ee35196627f50f17f47cad92b7e6
generated: "2022-05-17T09:42:49.658900384+02:00"
