dependencies:
- name: vs
  repository: https://charts-public.hub.eox.at/
  version: 1.1.5
- name: rm-resource-catalogue
  repository: file://../rm-resource-catalogue
  version: 0.9.2
digest: sha256:1d11f98d493d3a63cf0e7e08191375588d19d8245f5b45af4f2892ccf1122548
generated: "2021-07-14T17:50:09.874340494+03:00"
