dependencies:
- name: pep-engine
  repository: https://eoepca.github.io/helm-charts/
  version: 0.9.37
- name: uma-user-agent
  repository: https://eoepca.github.io/helm-charts/
  version: 0.0.48
digest: sha256:15902b7230ce66a45162f1a009f41c147d1791ccb1f3aa13f968704b1bbae763
generated: "2021-11-09T14:48:29.545090449Z"
