dependencies:
- name: pep-engine
  repository: https://eoepca.github.io/helm-charts/
  version: 1.0.0
- name: uma-user-agent
  repository: https://eoepca.github.io/helm-charts/
  version: 1.0.2
digest: sha256:6bdcf62ef9046c49ffc0bada766714ca80275caaac75f5db4cf33eebfccc362a
generated: "2022-01-31T14:24:14.372163244Z"
