dependencies:
- name: identity-keycloak
  repository: ""
  version: 0.15.1
- name: identity-postgres
  repository: ""
  version: 1.0.1
- name: identity-api
  repository: ""
  version: 1.0.1
- name: identity-gatekeeper
  repository: https://eoepca.github.io/helm-charts/
  version: 1.0.2
- name: identity-api-gatekeeper
  repository: ""
  version: 1.0.1
digest: sha256:aa3603081226b189143fa19ef1b943ac83cded66ee2f8e7f600640ddcf7d8589
generated: "2024-01-09T16:55:15.676225271Z"
