dependencies:
- name: identity-keycloak
  repository: ""
  version: 0.15.2
- name: identity-postgres
  repository: ""
  version: 1.0.2
- name: identity-api
  repository: ""
  version: 1.0.5
- name: identity-gatekeeper
  repository: https://eoepca.github.io/helm-charts/
  version: 1.0.11
digest: sha256:25f43fa3d22012e8531db0c606e96866e5bc1b4be1652c0c007e4ca9762849a3
generated: "2024-02-26T08:46:27.883045538Z"
