dependencies:
- name: keycloak-operator
  repository: https://charts.adfinis.com
  version: 1.13.0
- name: opal
  repository: https://permitio.github.io/opal-helm-chart
  version: 0.0.28
- name: apisix
  repository: https://charts.apiseven.com
  version: 2.13.0
- name: iam-bb-config
  repository: https://eoepca.github.io/helm-charts
  version: 2.1.0
digest: sha256:7f50ed37a3f35f3901ae78a02917da388eb2a32a43cf3bccc9c96a8aaaa7f34d
generated: "2026-10-06T11:54:37.637283116+01:00"
